
Microsoft Visual Studio Solution File, Format Version 12.00
# Visual Studio 14
VisualStudioVersion = 14.0.25420.1
MinimumVisualStudioVersion = 10.0.40219.1
Project("{FAE04EC0-301F-11D3-BF4B-00C04F79EFBC}") = "Sytner.Auto", "Sytner.Auto\Sytner.Auto.csproj", "{BB5C1EAF-7652-4D0D-BB49-14B98D2AC914}"
EndProject
Project("{2150E333-8FDC-42A3-9474-1A3956D46DE8}") = "FE", "FE", "{41D1366C-2336-4DFE-B8B3-0F8A8D1A22C1}"
EndProject
Global
	GlobalSection(SolutionConfigurationPlatforms) = preSolution
		Debug|Any CPU = Debug|Any CPU
		Release|Any CPU = Release|Any CPU
	EndGlobalSection
	GlobalSection(ProjectConfigurationPlatforms) = postSolution
		{BB5C1EAF-7652-4D0D-BB49-14B98D2AC914}.Debug|Any CPU.ActiveCfg = Debug|Any CPU
		{BB5C1EAF-7652-4D0D-BB49-14B98D2AC914}.Debug|Any CPU.Build.0 = Debug|Any CPU
		{BB5C1EAF-7652-4D0D-BB49-14B98D2AC914}.Release|Any CPU.ActiveCfg = Release|Any CPU
		{BB5C1EAF-7652-4D0D-BB49-14B98D2AC914}.Release|Any CPU.Build.0 = Release|Any CPU
	EndGlobalSection
	GlobalSection(SolutionProperties) = preSolution
		HideSolutionNode = FALSE
	EndGlobalSection
EndGlobal
